
Microsoft Visual Studio Solution File, Format Version 12.00
# Visual Studio 15
VisualStudioVersion = 15.0.28010.2019
MinimumVisualStudioVersion = 10.0.40219.1
Project("{8BC9CEB8-8B4A-11D0-8D11-00A0C91BC942}") = "Boyer-Moore", "Boyer-Moore\Boyer-Moore.vcxproj", "{7C3E7A32-9329-4618-9EC2-AED2F51192DA}"
EndProject
Global
	GlobalSection(SolutionConfigurationPlatforms) = preSolution
		Debug|x64 = Debug|x64
		Debug|x86 = Debug|x86
		Release|x64 = Release|x64
		Release|x86 = Release|x86
	EndGlobalSection
	GlobalSection(ProjectConfigurationPlatforms) = postSolution
		{7C3E7A32-9329-4618-9EC2-AED2F51192DA}.Debug|x64.ActiveCfg = Debug|x64
		{7C3E7A32-9329-4618-9EC2-AED2F51192DA}.Debug|x64.Build.0 = Debug|x64
		{7C3E7A32-9329-4618-9EC2-AED2F51192DA}.Debug|x86.ActiveCfg = Debug|Win32
		{7C3E7A32-9329-4618-9EC2-AED2F51192DA}.Debug|x86.Build.0 = Debug|Win32
		{7C3E7A32-9329-4618-9EC2-AED2F51192DA}.Release|x64.ActiveCfg = Release|x64
		{7C3E7A32-9329-4618-9EC2-AED2F51192DA}.Release|x64.Build.0 = Release|x64
		{7C3E7A32-9329-4618-9EC2-AED2F51192DA}.Release|x86.ActiveCfg = Release|Win32
		{7C3E7A32-9329-4618-9EC2-AED2F51192DA}.Release|x86.Build.0 = Release|Win32
	EndGlobalSection
	GlobalSection(SolutionProperties) = preSolution
		HideSolutionNode = FALSE
	EndGlobalSection
	GlobalSection(ExtensibilityGlobals) = postSolution
		SolutionGuid = {976513F8-FB0C-4EAF-B939-D19E36729241}
	EndGlobalSection
EndGlobal
